
Microsoft Visual Studio Solution File, Format Version 12.00
# Visual Studio Version 17
VisualStudioVersion = 17.4.33205.214
MinimumVisualStudioVersion = 10.0.40219.1
Project("{2150E333-8FDC-42A3-9474-1A3956D46DE8}") = "AuthenticationPoC", "AuthenticationPoC", "{7D19B059-A955-4AB4-9C52-B9C869251190}"
EndProject
Project("{9A19103F-16F7-4668-BE54-9A1E7A4F7556}") = "AuthenticationPoC", "AuthenticationPoC\AuthenticationPoC.csproj", "{A201BDCA-192E-4B05-98DD-8CDA488B7F4A}"
EndProject
Project("{9A19103F-16F7-4668-BE54-9A1E7A4F7556}") = "CVSModelPoC", "CVSModelPoC\CVSModelPoC.csproj", "{79E3EF45-ADB0-487F-87E6-09BF56EE303B}"
EndProject
Project("{9A19103F-16F7-4668-BE54-9A1E7A4F7556}") = "CVSInfrastructurePoC", "CVSInfrastructurePoC\CVSInfrastructurePoC.csproj", "{1467BEC5-553E-429C-BE6B-42826B369B2E}"
EndProject
Project("{2150E333-8FDC-42A3-9474-1A3956D46DE8}") = "Pipelines", "Pipelines", "{80BDF1C2-D40E-4C0A-9240-9FA5ECCFEF4F}"
	ProjectSection(SolutionItems) = preProject
		Pipelines\Configuration.yml = Pipelines\Configuration.yml
		Pipelines\DevPipeline.yml = Pipelines\DevPipeline.yml
		Pipelines\FeaturePipeline.yml = Pipelines\FeaturePipeline.yml
		Pipelines\ReleasePipeline.yml = Pipelines\ReleasePipeline.yml
	EndProjectSection
EndProject
Global
	GlobalSection(SolutionConfigurationPlatforms) = preSolution
		Debug|Any CPU = Debug|Any CPU
		Release|Any CPU = Release|Any CPU
	EndGlobalSection
	GlobalSection(ProjectConfigurationPlatforms) = postSolution
		{A201BDCA-192E-4B05-98DD-8CDA488B7F4A}.Debug|Any CPU.ActiveCfg = Debug|Any CPU
		{A201BDCA-192E-4B05-98DD-8CDA488B7F4A}.Debug|Any CPU.Build.0 = Debug|Any CPU
		{A201BDCA-192E-4B05-98DD-8CDA488B7F4A}.Release|Any CPU.ActiveCfg = Release|Any CPU
		{A201BDCA-192E-4B05-98DD-8CDA488B7F4A}.Release|Any CPU.Build.0 = Release|Any CPU
		{79E3EF45-ADB0-487F-87E6-09BF56EE303B}.Debug|Any CPU.ActiveCfg = Debug|Any CPU
		{79E3EF45-ADB0-487F-87E6-09BF56EE303B}.Debug|Any CPU.Build.0 = Debug|Any CPU
		{79E3EF45-ADB0-487F-87E6-09BF56EE303B}.Release|Any CPU.ActiveCfg = Release|Any CPU
		{79E3EF45-ADB0-487F-87E6-09BF56EE303B}.Release|Any CPU.Build.0 = Release|Any CPU
		{1467BEC5-553E-429C-BE6B-42826B369B2E}.Debug|Any CPU.ActiveCfg = Debug|Any CPU
		{1467BEC5-553E-429C-BE6B-42826B369B2E}.Debug|Any CPU.Build.0 = Debug|Any CPU
		{1467BEC5-553E-429C-BE6B-42826B369B2E}.Release|Any CPU.ActiveCfg = Release|Any CPU
		{1467BEC5-553E-429C-BE6B-42826B369B2E}.Release|Any CPU.Build.0 = Release|Any CPU
	EndGlobalSection
	GlobalSection(SolutionProperties) = preSolution
		HideSolutionNode = FALSE
	EndGlobalSection
	GlobalSection(NestedProjects) = preSolution
		{A201BDCA-192E-4B05-98DD-8CDA488B7F4A} = {7D19B059-A955-4AB4-9C52-B9C869251190}
		{79E3EF45-ADB0-487F-87E6-09BF56EE303B} = {7D19B059-A955-4AB4-9C52-B9C869251190}
		{1467BEC5-553E-429C-BE6B-42826B369B2E} = {7D19B059-A955-4AB4-9C52-B9C869251190}
	EndGlobalSection
	GlobalSection(ExtensibilityGlobals) = postSolution
		SolutionGuid = {4D032C28-AA5E-48C7-BC4C-EDD9924A657B}
	EndGlobalSection
EndGlobal
