
Microsoft Visual Studio Solution File, Format Version 12.00
# Visual Studio Version 17
VisualStudioVersion = 17.4.33205.214
MinimumVisualStudioVersion = 10.0.40219.1
Project("{2150E333-8FDC-42A3-9474-1A3956D46DE8}") = "AuthenticationPoC", "AuthenticationPoC", "{7D19B059-A955-4AB4-9C52-B9C869251190}"
EndProject
Project("{9A19103F-16F7-4668-BE54-9A1E7A4F7556}") = "AuthenticationPoC", "AuthenticationPoC\AuthenticationPoC.csproj", "{A201BDCA-192E-4B05-98DD-8CDA488B7F4A}"
EndProject
Project("{9A19103F-16F7-4668-BE54-9A1E7A4F7556}") = "CVSModelPoC", "CVSModelPoC\CVSModelPoC.csproj", "{79E3EF45-ADB0-487F-87E6-09BF56EE303B}"
EndProject
Project("{9A19103F-16F7-4668-BE54-9A1E7A4F7556}") = "CVSInfrastructurePoC", "CVSInfrastructurePoC\CVSInfrastructurePoC.csproj", "{1467BEC5-553E-429C-BE6B-42826B369B2E}"
EndProject
Project("{2150E333-8FDC-42A3-9474-1A3956D46DE8}") = "Pipelines", "Pipelines", "{80BDF1C2-D40E-4C0A-9240-9FA5ECCFEF4F}"
	ProjectSection(SolutionItems) = preProject
		Configuration.yml = Configuration.yml
		DevPipeline.yml = DevPipeline.yml
		FeaturePipeline.yml = FeaturePipeline.yml
		ReleasePipeline.yml = ReleasePipeline.yml
	EndProjectSection
EndProject
Project("{9A19103F-16F7-4668-BE54-9A1E7A4F7556}") = "Domain", "Domain\Domain.csproj", "{1953885C-BBB1-4B8D-B5AC-0DF78EDCDCD9}"
EndProject
Project("{9A19103F-16F7-4668-BE54-9A1E7A4F7556}") = "Infrastructure", "Infrastructure\Infrastructure.csproj", "{B267B4AA-C5BE-4127-8346-451A8C5506F7}"
EndProject
Project("{9A19103F-16F7-4668-BE54-9A1E7A4F7556}") = "Application", "Application\Application.csproj", "{59AF577C-0239-4621-90F8-9C561F014464}"
EndProject
Project("{2150E333-8FDC-42A3-9474-1A3956D46DE8}") = "src", "src", "{4FFD9D9B-FF40-44ED-8CD4-3A6C1B95A8FF}"
EndProject
Project("{2150E333-8FDC-42A3-9474-1A3956D46DE8}") = "tests", "tests", "{D11CDFEC-6C29-413C-8BDA-8E8301D5B98C}"
EndProject
Project("{9A19103F-16F7-4668-BE54-9A1E7A4F7556}") = "API", "API\API.csproj", "{836447F4-9D54-47D0-B4DF-F2705A0B4B26}"
EndProject
Project("{2150E333-8FDC-42A3-9474-1A3956D46DE8}") = "Solution Items", "Solution Items", "{B43F6094-2E34-4403-9CFD-0AA52B6E3988}"
	ProjectSection(SolutionItems) = preProject
		.gitlab-ci.yml = .gitlab-ci.yml
		stylecop.json = stylecop.json
	EndProjectSection
EndProject
Project("{9A19103F-16F7-4668-BE54-9A1E7A4F7556}") = "Application.UnitTests", "Application.UnitTests\Application.UnitTests.csproj", "{1397A85B-B9A7-4236-9243-02DC80A82591}"
EndProject
Project("{9A19103F-16F7-4668-BE54-9A1E7A4F7556}") = "Application.IntegrationTests", "Application.IntegrationTests\Application.IntegrationTests.csproj", "{B1368454-2C62-4751-9834-074DAE9B4C48}"
EndProject
Project("{9A19103F-16F7-4668-BE54-9A1E7A4F7556}") = "ArchitectureTests", "ArchitectureTests\ArchitectureTests.csproj", "{B5949667-F430-4D84-B971-AF47A65E3971}"
EndProject
Project("{54A90642-561A-4BB1-A94E-469ADEE60C69}") = "webapp", "webapp\webapp.esproj", "{CEA3D538-AECC-4268-995A-9067DAAEAFD9}"
EndProject
Global
	GlobalSection(SolutionConfigurationPlatforms) = preSolution
		Debug|Any CPU = Debug|Any CPU
		Release|Any CPU = Release|Any CPU
	EndGlobalSection
	GlobalSection(ProjectConfigurationPlatforms) = postSolution
		{A201BDCA-192E-4B05-98DD-8CDA488B7F4A}.Debug|Any CPU.ActiveCfg = Debug|Any CPU
		{A201BDCA-192E-4B05-98DD-8CDA488B7F4A}.Debug|Any CPU.Build.0 = Debug|Any CPU
		{A201BDCA-192E-4B05-98DD-8CDA488B7F4A}.Release|Any CPU.ActiveCfg = Release|Any CPU
		{A201BDCA-192E-4B05-98DD-8CDA488B7F4A}.Release|Any CPU.Build.0 = Release|Any CPU
		{79E3EF45-ADB0-487F-87E6-09BF56EE303B}.Debug|Any CPU.ActiveCfg = Debug|Any CPU
		{79E3EF45-ADB0-487F-87E6-09BF56EE303B}.Debug|Any CPU.Build.0 = Debug|Any CPU
		{79E3EF45-ADB0-487F-87E6-09BF56EE303B}.Release|Any CPU.ActiveCfg = Release|Any CPU
		{79E3EF45-ADB0-487F-87E6-09BF56EE303B}.Release|Any CPU.Build.0 = Release|Any CPU
		{1467BEC5-553E-429C-BE6B-42826B369B2E}.Debug|Any CPU.ActiveCfg = Debug|Any CPU
		{1467BEC5-553E-429C-BE6B-42826B369B2E}.Debug|Any CPU.Build.0 = Debug|Any CPU
		{1467BEC5-553E-429C-BE6B-42826B369B2E}.Release|Any CPU.ActiveCfg = Release|Any CPU
		{1467BEC5-553E-429C-BE6B-42826B369B2E}.Release|Any CPU.Build.0 = Release|Any CPU
		{1953885C-BBB1-4B8D-B5AC-0DF78EDCDCD9}.Debug|Any CPU.ActiveCfg = Debug|Any CPU
		{1953885C-BBB1-4B8D-B5AC-0DF78EDCDCD9}.Debug|Any CPU.Build.0 = Debug|Any CPU
		{1953885C-BBB1-4B8D-B5AC-0DF78EDCDCD9}.Release|Any CPU.ActiveCfg = Release|Any CPU
		{1953885C-BBB1-4B8D-B5AC-0DF78EDCDCD9}.Release|Any CPU.Build.0 = Release|Any CPU
		{B267B4AA-C5BE-4127-8346-451A8C5506F7}.Debug|Any CPU.ActiveCfg = Debug|Any CPU
		{B267B4AA-C5BE-4127-8346-451A8C5506F7}.Debug|Any CPU.Build.0 = Debug|Any CPU
		{B267B4AA-C5BE-4127-8346-451A8C5506F7}.Release|Any CPU.ActiveCfg = Release|Any CPU
		{B267B4AA-C5BE-4127-8346-451A8C5506F7}.Release|Any CPU.Build.0 = Release|Any CPU
		{59AF577C-0239-4621-90F8-9C561F014464}.Debug|Any CPU.ActiveCfg = Debug|Any CPU
		{59AF577C-0239-4621-90F8-9C561F014464}.Debug|Any CPU.Build.0 = Debug|Any CPU
		{59AF577C-0239-4621-90F8-9C561F014464}.Release|Any CPU.ActiveCfg = Release|Any CPU
		{59AF577C-0239-4621-90F8-9C561F014464}.Release|Any CPU.Build.0 = Release|Any CPU
		{836447F4-9D54-47D0-B4DF-F2705A0B4B26}.Debug|Any CPU.ActiveCfg = Debug|Any CPU
		{836447F4-9D54-47D0-B4DF-F2705A0B4B26}.Debug|Any CPU.Build.0 = Debug|Any CPU
		{836447F4-9D54-47D0-B4DF-F2705A0B4B26}.Release|Any CPU.ActiveCfg = Release|Any CPU
		{836447F4-9D54-47D0-B4DF-F2705A0B4B26}.Release|Any CPU.Build.0 = Release|Any CPU
		{1397A85B-B9A7-4236-9243-02DC80A82591}.Debug|Any CPU.ActiveCfg = Debug|Any CPU
		{1397A85B-B9A7-4236-9243-02DC80A82591}.Debug|Any CPU.Build.0 = Debug|Any CPU
		{1397A85B-B9A7-4236-9243-02DC80A82591}.Release|Any CPU.ActiveCfg = Release|Any CPU
		{1397A85B-B9A7-4236-9243-02DC80A82591}.Release|Any CPU.Build.0 = Release|Any CPU
		{B1368454-2C62-4751-9834-074DAE9B4C48}.Debug|Any CPU.ActiveCfg = Debug|Any CPU
		{B1368454-2C62-4751-9834-074DAE9B4C48}.Debug|Any CPU.Build.0 = Debug|Any CPU
		{B1368454-2C62-4751-9834-074DAE9B4C48}.Release|Any CPU.ActiveCfg = Release|Any CPU
		{B1368454-2C62-4751-9834-074DAE9B4C48}.Release|Any CPU.Build.0 = Release|Any CPU
		{B5949667-F430-4D84-B971-AF47A65E3971}.Debug|Any CPU.ActiveCfg = Debug|Any CPU
		{B5949667-F430-4D84-B971-AF47A65E3971}.Debug|Any CPU.Build.0 = Debug|Any CPU
		{B5949667-F430-4D84-B971-AF47A65E3971}.Release|Any CPU.ActiveCfg = Release|Any CPU
		{B5949667-F430-4D84-B971-AF47A65E3971}.Release|Any CPU.Build.0 = Release|Any CPU
		{CEA3D538-AECC-4268-995A-9067DAAEAFD9}.Debug|Any CPU.ActiveCfg = Debug|Any CPU
		{CEA3D538-AECC-4268-995A-9067DAAEAFD9}.Debug|Any CPU.Build.0 = Debug|Any CPU
		{CEA3D538-AECC-4268-995A-9067DAAEAFD9}.Debug|Any CPU.Deploy.0 = Debug|Any CPU
		{CEA3D538-AECC-4268-995A-9067DAAEAFD9}.Release|Any CPU.ActiveCfg = Release|Any CPU
		{CEA3D538-AECC-4268-995A-9067DAAEAFD9}.Release|Any CPU.Build.0 = Release|Any CPU
		{CEA3D538-AECC-4268-995A-9067DAAEAFD9}.Release|Any CPU.Deploy.0 = Release|Any CPU
	EndGlobalSection
	GlobalSection(SolutionProperties) = preSolution
		HideSolutionNode = FALSE
	EndGlobalSection
	GlobalSection(NestedProjects) = preSolution
		{A201BDCA-192E-4B05-98DD-8CDA488B7F4A} = {7D19B059-A955-4AB4-9C52-B9C869251190}
		{79E3EF45-ADB0-487F-87E6-09BF56EE303B} = {7D19B059-A955-4AB4-9C52-B9C869251190}
		{1467BEC5-553E-429C-BE6B-42826B369B2E} = {7D19B059-A955-4AB4-9C52-B9C869251190}
		{1953885C-BBB1-4B8D-B5AC-0DF78EDCDCD9} = {4FFD9D9B-FF40-44ED-8CD4-3A6C1B95A8FF}
		{B267B4AA-C5BE-4127-8346-451A8C5506F7} = {4FFD9D9B-FF40-44ED-8CD4-3A6C1B95A8FF}
		{59AF577C-0239-4621-90F8-9C561F014464} = {4FFD9D9B-FF40-44ED-8CD4-3A6C1B95A8FF}
		{836447F4-9D54-47D0-B4DF-F2705A0B4B26} = {4FFD9D9B-FF40-44ED-8CD4-3A6C1B95A8FF}
		{1397A85B-B9A7-4236-9243-02DC80A82591} = {D11CDFEC-6C29-413C-8BDA-8E8301D5B98C}
		{B1368454-2C62-4751-9834-074DAE9B4C48} = {D11CDFEC-6C29-413C-8BDA-8E8301D5B98C}
		{B5949667-F430-4D84-B971-AF47A65E3971} = {D11CDFEC-6C29-413C-8BDA-8E8301D5B98C}
		{CEA3D538-AECC-4268-995A-9067DAAEAFD9} = {4FFD9D9B-FF40-44ED-8CD4-3A6C1B95A8FF}
	EndGlobalSection
	GlobalSection(ExtensibilityGlobals) = postSolution
		SolutionGuid = {4D032C28-AA5E-48C7-BC4C-EDD9924A657B}
	EndGlobalSection
EndGlobal
